
Microsoft Visual Studio Solution File, Format Version 12.00
# Visual Studio Version 16
VisualStudioVersion = 16.0.29503.13
MinimumVisualStudioVersion = 10.0.40219.1
Project("{FAE04EC0-301F-11D3-BF4B-00C04F79EFBC}") = "KSCVessels", "KSCVessels.csproj", "{B02F3BA5-9466-40FE-9185-71D4F65FF9B2}"
EndProject
Global
	GlobalSection(SolutionConfigurationPlatforms) = preSolution
		Debug|Any CPU = Debug|Any CPU
		Release|Any CPU = Release|Any CPU
	EndGlobalSection
	GlobalSection(ProjectConfigurationPlatforms) = postSolution
		{B02F3BA5-9466-40FE-9185-71D4F65FF9B2}.Debug|Any CPU.ActiveCfg = Debug|Any CPU
		{B02F3BA5-9466-40FE-9185-71D4F65FF9B2}.Debug|Any CPU.Build.0 = Debug|Any CPU
		{B02F3BA5-9466-40FE-9185-71D4F65FF9B2}.Release|Any CPU.ActiveCfg = Release|Any CPU
		{B02F3BA5-9466-40FE-9185-71D4F65FF9B2}.Release|Any CPU.Build.0 = Release|Any CPU
	EndGlobalSection
	GlobalSection(SolutionProperties) = preSolution
		HideSolutionNode = FALSE
	EndGlobalSection
	GlobalSection(ExtensibilityGlobals) = postSolution
		SolutionGuid = {50AA5358-9AC5-4965-A35E-7045A4A29CAF}
	EndGlobalSection
EndGlobal
